
Microsoft Visual Studio Solution File, Format Version 12.00
# Visual Studio 15
VisualStudioVersion = 15.0.27428.2037
MinimumVisualStudioVersion = 10.0.40219.1
Project("{8BC9CEB8-8B4A-11D0-8D11-00A0C91BC942}") = "5.1.5", "5.1.5\5.1.5.vcxproj", "{CED14925-9256-406E-8F92-2234CA88353D}"
EndProject
Global
	GlobalSection(SolutionConfigurationPlatforms) = preSolution
		Debug|x64 = Debug|x64
		Debug|x86 = Debug|x86
		Release|x64 = Release|x64
		Release|x86 = Release|x86
	EndGlobalSection
	GlobalSection(ProjectConfigurationPlatforms) = postSolution
		{CED14925-9256-406E-8F92-2234CA88353D}.Debug|x64.ActiveCfg = Debug|x64
		{CED14925-9256-406E-8F92-2234CA88353D}.Debug|x64.Build.0 = Debug|x64
		{CED14925-9256-406E-8F92-2234CA88353D}.Debug|x86.ActiveCfg = Debug|Win32
		{CED14925-9256-406E-8F92-2234CA88353D}.Debug|x86.Build.0 = Debug|Win32
		{CED14925-9256-406E-8F92-2234CA88353D}.Release|x64.ActiveCfg = Release|x64
		{CED14925-9256-406E-8F92-2234CA88353D}.Release|x64.Build.0 = Release|x64
		{CED14925-9256-406E-8F92-2234CA88353D}.Release|x86.ActiveCfg = Release|Win32
		{CED14925-9256-406E-8F92-2234CA88353D}.Release|x86.Build.0 = Release|Win32
	EndGlobalSection
	GlobalSection(SolutionProperties) = preSolution
		HideSolutionNode = FALSE
	EndGlobalSection
	GlobalSection(ExtensibilityGlobals) = postSolution
		SolutionGuid = {7022C7A2-8B7F-429A-A79E-717F3F44AE20}
	EndGlobalSection
EndGlobal
