
Microsoft Visual Studio Solution File, Format Version 12.00
# Visual Studio 15
VisualStudioVersion = 15.0.27428.2037
MinimumVisualStudioVersion = 10.0.40219.1
Project("{8BC9CEB8-8B4A-11D0-8D11-00A0C91BC942}") = "Tianyu Zhang_HW_1.4.5", "Tianyu Zhang_HW_1.4.5\Tianyu Zhang_HW_1.4.5.vcxproj", "{D4CF003A-549E-4CB2-A31B-68225647CB1D}"
EndProject
Global
	GlobalSection(SolutionConfigurationPlatforms) = preSolution
		Debug|x64 = Debug|x64
		Debug|x86 = Debug|x86
		Release|x64 = Release|x64
		Release|x86 = Release|x86
	EndGlobalSection
	GlobalSection(ProjectConfigurationPlatforms) = postSolution
		{D4CF003A-549E-4CB2-A31B-68225647CB1D}.Debug|x64.ActiveCfg = Debug|x64
		{D4CF003A-549E-4CB2-A31B-68225647CB1D}.Debug|x64.Build.0 = Debug|x64
		{D4CF003A-549E-4CB2-A31B-68225647CB1D}.Debug|x86.ActiveCfg = Debug|Win32
		{D4CF003A-549E-4CB2-A31B-68225647CB1D}.Debug|x86.Build.0 = Debug|Win32
		{D4CF003A-549E-4CB2-A31B-68225647CB1D}.Release|x64.ActiveCfg = Release|x64
		{D4CF003A-549E-4CB2-A31B-68225647CB1D}.Release|x64.Build.0 = Release|x64
		{D4CF003A-549E-4CB2-A31B-68225647CB1D}.Release|x86.ActiveCfg = Release|Win32
		{D4CF003A-549E-4CB2-A31B-68225647CB1D}.Release|x86.Build.0 = Release|Win32
	EndGlobalSection
	GlobalSection(SolutionProperties) = preSolution
		HideSolutionNode = FALSE
	EndGlobalSection
	GlobalSection(ExtensibilityGlobals) = postSolution
		SolutionGuid = {9E6AA94A-D632-4E62-B7CE-918E5BB5BE2B}
	EndGlobalSection
EndGlobal
