
Microsoft Visual Studio Solution File, Format Version 12.00
# Visual Studio 15
VisualStudioVersion = 15.0.27428.2037
MinimumVisualStudioVersion = 10.0.40219.1
Project("{8BC9CEB8-8B4A-11D0-8D11-00A0C91BC942}") = "Tianyu Zhang_HW_1.3.9", "Tianyu Zhang_HW_1.3.9\Tianyu Zhang_HW_1.3.9.vcxproj", "{815BF65C-04D8-497D-9E91-CEF498E2D77C}"
EndProject
Global
	GlobalSection(SolutionConfigurationPlatforms) = preSolution
		Debug|x64 = Debug|x64
		Debug|x86 = Debug|x86
		Release|x64 = Release|x64
		Release|x86 = Release|x86
	EndGlobalSection
	GlobalSection(ProjectConfigurationPlatforms) = postSolution
		{815BF65C-04D8-497D-9E91-CEF498E2D77C}.Debug|x64.ActiveCfg = Debug|x64
		{815BF65C-04D8-497D-9E91-CEF498E2D77C}.Debug|x64.Build.0 = Debug|x64
		{815BF65C-04D8-497D-9E91-CEF498E2D77C}.Debug|x86.ActiveCfg = Debug|Win32
		{815BF65C-04D8-497D-9E91-CEF498E2D77C}.Debug|x86.Build.0 = Debug|Win32
		{815BF65C-04D8-497D-9E91-CEF498E2D77C}.Release|x64.ActiveCfg = Release|x64
		{815BF65C-04D8-497D-9E91-CEF498E2D77C}.Release|x64.Build.0 = Release|x64
		{815BF65C-04D8-497D-9E91-CEF498E2D77C}.Release|x86.ActiveCfg = Release|Win32
		{815BF65C-04D8-497D-9E91-CEF498E2D77C}.Release|x86.Build.0 = Release|Win32
	EndGlobalSection
	GlobalSection(SolutionProperties) = preSolution
		HideSolutionNode = FALSE
	EndGlobalSection
	GlobalSection(ExtensibilityGlobals) = postSolution
		SolutionGuid = {469F6606-5D46-4049-BE89-6F9A046E94CE}
	EndGlobalSection
EndGlobal
