
Microsoft Visual Studio Solution File, Format Version 12.00
# Visual Studio 15
VisualStudioVersion = 15.0.27428.2037
MinimumVisualStudioVersion = 10.0.40219.1
Project("{8BC9CEB8-8B4A-11D0-8D11-00A0C91BC942}") = "2.3.4", "2.3.4\2.3.4.vcxproj", "{0517C6C8-CA16-49E1-BA76-E001F6547258}"
EndProject
Global
	GlobalSection(SolutionConfigurationPlatforms) = preSolution
		Debug|x64 = Debug|x64
		Debug|x86 = Debug|x86
		Release|x64 = Release|x64
		Release|x86 = Release|x86
	EndGlobalSection
	GlobalSection(ProjectConfigurationPlatforms) = postSolution
		{0517C6C8-CA16-49E1-BA76-E001F6547258}.Debug|x64.ActiveCfg = Debug|x64
		{0517C6C8-CA16-49E1-BA76-E001F6547258}.Debug|x64.Build.0 = Debug|x64
		{0517C6C8-CA16-49E1-BA76-E001F6547258}.Debug|x86.ActiveCfg = Debug|Win32
		{0517C6C8-CA16-49E1-BA76-E001F6547258}.Debug|x86.Build.0 = Debug|Win32
		{0517C6C8-CA16-49E1-BA76-E001F6547258}.Release|x64.ActiveCfg = Release|x64
		{0517C6C8-CA16-49E1-BA76-E001F6547258}.Release|x64.Build.0 = Release|x64
		{0517C6C8-CA16-49E1-BA76-E001F6547258}.Release|x86.ActiveCfg = Release|Win32
		{0517C6C8-CA16-49E1-BA76-E001F6547258}.Release|x86.Build.0 = Release|Win32
	EndGlobalSection
	GlobalSection(SolutionProperties) = preSolution
		HideSolutionNode = FALSE
	EndGlobalSection
	GlobalSection(ExtensibilityGlobals) = postSolution
		SolutionGuid = {A1C99777-7DD0-4E89-BF20-7BD485A6B235}
	EndGlobalSection
EndGlobal
