
Microsoft Visual Studio Solution File, Format Version 12.00
# Visual Studio 15
VisualStudioVersion = 15.0.27428.2037
MinimumVisualStudioVersion = 10.0.40219.1
Project("{8BC9CEB8-8B4A-11D0-8D11-00A0C91BC942}") = "Tianyu Zhang_HW_1.3.8", "Tianyu Zhang_HW_1.3.8\Tianyu Zhang_HW_1.3.8.vcxproj", "{D5F08CAE-1653-4079-AB7D-BC69CEC09C43}"
EndProject
Global
	GlobalSection(SolutionConfigurationPlatforms) = preSolution
		Debug|x64 = Debug|x64
		Debug|x86 = Debug|x86
		Release|x64 = Release|x64
		Release|x86 = Release|x86
	EndGlobalSection
	GlobalSection(ProjectConfigurationPlatforms) = postSolution
		{D5F08CAE-1653-4079-AB7D-BC69CEC09C43}.Debug|x64.ActiveCfg = Debug|x64
		{D5F08CAE-1653-4079-AB7D-BC69CEC09C43}.Debug|x64.Build.0 = Debug|x64
		{D5F08CAE-1653-4079-AB7D-BC69CEC09C43}.Debug|x86.ActiveCfg = Debug|Win32
		{D5F08CAE-1653-4079-AB7D-BC69CEC09C43}.Debug|x86.Build.0 = Debug|Win32
		{D5F08CAE-1653-4079-AB7D-BC69CEC09C43}.Release|x64.ActiveCfg = Release|x64
		{D5F08CAE-1653-4079-AB7D-BC69CEC09C43}.Release|x64.Build.0 = Release|x64
		{D5F08CAE-1653-4079-AB7D-BC69CEC09C43}.Release|x86.ActiveCfg = Release|Win32
		{D5F08CAE-1653-4079-AB7D-BC69CEC09C43}.Release|x86.Build.0 = Release|Win32
	EndGlobalSection
	GlobalSection(SolutionProperties) = preSolution
		HideSolutionNode = FALSE
	EndGlobalSection
	GlobalSection(ExtensibilityGlobals) = postSolution
		SolutionGuid = {A0698AEF-3777-4676-B2FF-232D25811E22}
	EndGlobalSection
EndGlobal
