
Microsoft Visual Studio Solution File, Format Version 12.00
# Visual Studio 15
VisualStudioVersion = 15.0.27428.2037
MinimumVisualStudioVersion = 10.0.40219.1
Project("{8BC9CEB8-8B4A-11D0-8D11-00A0C91BC942}") = "4.2b.6", "4.2b.6\4.2b.6.vcxproj", "{192B3760-B22F-4616-8239-F7239A994B55}"
EndProject
Global
	GlobalSection(SolutionConfigurationPlatforms) = preSolution
		Debug|x64 = Debug|x64
		Debug|x86 = Debug|x86
		Release|x64 = Release|x64
		Release|x86 = Release|x86
	EndGlobalSection
	GlobalSection(ProjectConfigurationPlatforms) = postSolution
		{192B3760-B22F-4616-8239-F7239A994B55}.Debug|x64.ActiveCfg = Debug|x64
		{192B3760-B22F-4616-8239-F7239A994B55}.Debug|x64.Build.0 = Debug|x64
		{192B3760-B22F-4616-8239-F7239A994B55}.Debug|x86.ActiveCfg = Debug|Win32
		{192B3760-B22F-4616-8239-F7239A994B55}.Debug|x86.Build.0 = Debug|Win32
		{192B3760-B22F-4616-8239-F7239A994B55}.Release|x64.ActiveCfg = Release|x64
		{192B3760-B22F-4616-8239-F7239A994B55}.Release|x64.Build.0 = Release|x64
		{192B3760-B22F-4616-8239-F7239A994B55}.Release|x86.ActiveCfg = Release|Win32
		{192B3760-B22F-4616-8239-F7239A994B55}.Release|x86.Build.0 = Release|Win32
	EndGlobalSection
	GlobalSection(SolutionProperties) = preSolution
		HideSolutionNode = FALSE
	EndGlobalSection
	GlobalSection(ExtensibilityGlobals) = postSolution
		SolutionGuid = {65DE24C6-5A04-4C30-93BC-2301456D5909}
	EndGlobalSection
EndGlobal
