
Microsoft Visual Studio Solution File, Format Version 12.00
# Visual Studio 15
VisualStudioVersion = 15.0.27428.2037
MinimumVisualStudioVersion = 10.0.40219.1
Project("{8BC9CEB8-8B4A-11D0-8D11-00A0C91BC942}") = "3.6.1", "3.6.1\3.6.1.vcxproj", "{B2FA2FC7-AD60-48E9-8255-0E886D2B3782}"
EndProject
Global
	GlobalSection(SolutionConfigurationPlatforms) = preSolution
		Debug|x64 = Debug|x64
		Debug|x86 = Debug|x86
		Release|x64 = Release|x64
		Release|x86 = Release|x86
	EndGlobalSection
	GlobalSection(ProjectConfigurationPlatforms) = postSolution
		{B2FA2FC7-AD60-48E9-8255-0E886D2B3782}.Debug|x64.ActiveCfg = Debug|x64
		{B2FA2FC7-AD60-48E9-8255-0E886D2B3782}.Debug|x64.Build.0 = Debug|x64
		{B2FA2FC7-AD60-48E9-8255-0E886D2B3782}.Debug|x86.ActiveCfg = Debug|Win32
		{B2FA2FC7-AD60-48E9-8255-0E886D2B3782}.Debug|x86.Build.0 = Debug|Win32
		{B2FA2FC7-AD60-48E9-8255-0E886D2B3782}.Release|x64.ActiveCfg = Release|x64
		{B2FA2FC7-AD60-48E9-8255-0E886D2B3782}.Release|x64.Build.0 = Release|x64
		{B2FA2FC7-AD60-48E9-8255-0E886D2B3782}.Release|x86.ActiveCfg = Release|Win32
		{B2FA2FC7-AD60-48E9-8255-0E886D2B3782}.Release|x86.Build.0 = Release|Win32
	EndGlobalSection
	GlobalSection(SolutionProperties) = preSolution
		HideSolutionNode = FALSE
	EndGlobalSection
	GlobalSection(ExtensibilityGlobals) = postSolution
		SolutionGuid = {144ED578-E4A2-4D49-B6BD-E5E2619C1BA5}
	EndGlobalSection
EndGlobal
