
Microsoft Visual Studio Solution File, Format Version 12.00
# Visual Studio 15
VisualStudioVersion = 15.0.27428.2037
MinimumVisualStudioVersion = 10.0.40219.1
Project("{8BC9CEB8-8B4A-11D0-8D11-00A0C91BC942}") = "3.5.5", "..\3.5.5\3.5.5\3.5.5.vcxproj", "{4C46FACF-C836-43DD-B7A9-0DA2D504357A}"
EndProject
Global
	GlobalSection(SolutionConfigurationPlatforms) = preSolution
		Debug|x64 = Debug|x64
		Debug|x86 = Debug|x86
		Release|x64 = Release|x64
		Release|x86 = Release|x86
	EndGlobalSection
	GlobalSection(ProjectConfigurationPlatforms) = postSolution
		{4C46FACF-C836-43DD-B7A9-0DA2D504357A}.Debug|x64.ActiveCfg = Debug|x64
		{4C46FACF-C836-43DD-B7A9-0DA2D504357A}.Debug|x64.Build.0 = Debug|x64
		{4C46FACF-C836-43DD-B7A9-0DA2D504357A}.Debug|x86.ActiveCfg = Debug|Win32
		{4C46FACF-C836-43DD-B7A9-0DA2D504357A}.Debug|x86.Build.0 = Debug|Win32
		{4C46FACF-C836-43DD-B7A9-0DA2D504357A}.Release|x64.ActiveCfg = Release|x64
		{4C46FACF-C836-43DD-B7A9-0DA2D504357A}.Release|x64.Build.0 = Release|x64
		{4C46FACF-C836-43DD-B7A9-0DA2D504357A}.Release|x86.ActiveCfg = Release|Win32
		{4C46FACF-C836-43DD-B7A9-0DA2D504357A}.Release|x86.Build.0 = Release|Win32
	EndGlobalSection
	GlobalSection(SolutionProperties) = preSolution
		HideSolutionNode = FALSE
	EndGlobalSection
	GlobalSection(ExtensibilityGlobals) = postSolution
		SolutionGuid = {9E7E69C8-367F-49C1-9922-31F13D0A41D1}
	EndGlobalSection
EndGlobal
